
Microsoft Visual Studio Solution File, Format Version 12.00
# Visual Studio Version 17
VisualStudioVersion = 17.4.33110.190
MinimumVisualStudioVersion = 10.0.40219.1
Project("{9A19103F-16F7-4668-BE54-9A1E7A4F7556}") = "MainSite", "MainSite\MainSite.csproj", "{438A44E2-6A22-43D9-A83A-4F1F03655F56}"
EndProject
Project("{9A19103F-16F7-4668-BE54-9A1E7A4F7556}") = "Infrastructure", "Infrastructure\Infrastructure.csproj", "{266AEF09-D4F2-44B0-9D0E-F534AB8EA1BC}"
EndProject
Global
	GlobalSection(SolutionConfigurationPlatforms) = preSolution
		Debug|Any CPU = Debug|Any CPU
		Release|Any CPU = Release|Any CPU
	EndGlobalSection
	GlobalSection(ProjectConfigurationPlatforms) = postSolution
		{438A44E2-6A22-43D9-A83A-4F1F03655F56}.Debug|Any CPU.ActiveCfg = Debug|Any CPU
		{438A44E2-6A22-43D9-A83A-4F1F03655F56}.Debug|Any CPU.Build.0 = Debug|Any CPU
		{438A44E2-6A22-43D9-A83A-4F1F03655F56}.Release|Any CPU.ActiveCfg = Release|Any CPU
		{438A44E2-6A22-43D9-A83A-4F1F03655F56}.Release|Any CPU.Build.0 = Release|Any CPU
		{266AEF09-D4F2-44B0-9D0E-F534AB8EA1BC}.Debug|Any CPU.ActiveCfg = Debug|Any CPU
		{266AEF09-D4F2-44B0-9D0E-F534AB8EA1BC}.Debug|Any CPU.Build.0 = Debug|Any CPU
		{266AEF09-D4F2-44B0-9D0E-F534AB8EA1BC}.Release|Any CPU.ActiveCfg = Release|Any CPU
		{266AEF09-D4F2-44B0-9D0E-F534AB8EA1BC}.Release|Any CPU.Build.0 = Release|Any CPU
	EndGlobalSection
	GlobalSection(SolutionProperties) = preSolution
		HideSolutionNode = FALSE
	EndGlobalSection
	GlobalSection(ExtensibilityGlobals) = postSolution
		SolutionGuid = {EF0182A3-CDF2-4789-977E-E725CFCAB72B}
	EndGlobalSection
EndGlobal
